
Microsoft Visual Studio Solution File, Format Version 12.00
# Visual Studio Version 17
VisualStudioVersion = 17.0.31825.309
MinimumVisualStudioVersion = 10.0.40219.1
Project("{2150E333-8FDC-42A3-9474-1A3956D46DE8}") = "01. Lineære datastrukturer", "01. Lineære datastrukturer", "{7E17517B-A66C-4F1F-AA97-3C92A14D608B}"
EndProject
Project("{2150E333-8FDC-42A3-9474-1A3956D46DE8}") = "02. Algoritme-analyse og søking", "02. Algoritme-analyse og søking", "{D8732B1C-3DF3-404B-AED7-6D20ADA3DEDB}"
EndProject
Project("{2150E333-8FDC-42A3-9474-1A3956D46DE8}") = "03. Rekursjon", "03. Rekursjon", "{D38321EA-777A-439A-8633-3FE48219FCA5}"
EndProject
Project("{2150E333-8FDC-42A3-9474-1A3956D46DE8}") = "04. Binære trær", "04. Binære trær", "{530BD7C0-5AFD-4CBE-9489-76AB15A10ACF}"
EndProject
Project("{2150E333-8FDC-42A3-9474-1A3956D46DE8}") = "05. Trær 2", "05. Trær 2", "{A5E64D9C-19DE-4DC9-B8B3-343BCA4C5A19}"
EndProject
Project("{2150E333-8FDC-42A3-9474-1A3956D46DE8}") = "06. Heap", "06. Heap", "{0705D60A-7FD8-471C-800A-0692E1727620}"
EndProject
Project("{2150E333-8FDC-42A3-9474-1A3956D46DE8}") = "07. Sortering", "07. Sortering", "{7E6313B5-3F3C-4B45-B8EB-CA5342841B7E}"
EndProject
Project("{2150E333-8FDC-42A3-9474-1A3956D46DE8}") = "08. Hashing", "08. Hashing", "{A04EF83A-8BBC-4494-81AC-31C2D65E47EF}"
EndProject
Project("{2150E333-8FDC-42A3-9474-1A3956D46DE8}") = "09. Grafer", "09. Grafer", "{A1FC0E0E-B389-437D-A8C0-5D05358E126F}"
EndProject
Project("{2150E333-8FDC-42A3-9474-1A3956D46DE8}") = "10. Huffman", "10. Huffman", "{B80409BD-F2C1-491F-98F3-B146C8B71F55}"
EndProject
Project("{8BC9CEB8-8B4A-11D0-8D11-00A0C91BC942}") = "1.9.1", "1.9.1\1.9.1.vcxproj", "{EFCFED11-91B8-4F47-B17F-3C6BF9995DF4}"
EndProject
Project("{8BC9CEB8-8B4A-11D0-8D11-00A0C91BC942}") = "1.9.2", "1.9.2\1.9.2.vcxproj", "{D3845E80-F259-45DB-B843-B2D52B9EC05E}"
EndProject
Project("{8BC9CEB8-8B4A-11D0-8D11-00A0C91BC942}") = "1.9.3", "1.9.3\1.9.3.vcxproj", "{6A84DA93-AD96-4EC6-B60C-4B6B38409E1C}"
EndProject
Project("{8BC9CEB8-8B4A-11D0-8D11-00A0C91BC942}") = "1.9.4", "1.9.4\1.9.4.vcxproj", "{CBCF237A-F243-4830-A2E3-B13DB4F16EC2}"
EndProject
Project("{8BC9CEB8-8B4A-11D0-8D11-00A0C91BC942}") = "2.3.1", "2.3.1\2.3.1.vcxproj", "{FBD9F21E-D91E-49E6-B73F-A9CAD00CFB95}"
EndProject
Project("{8BC9CEB8-8B4A-11D0-8D11-00A0C91BC942}") = "3.2.1", "3.2.1\3.2.1.vcxproj", "{AA957AEF-E9D7-47F9-9E7C-93E2D2EEB0B2}"
EndProject
Project("{8BC9CEB8-8B4A-11D0-8D11-00A0C91BC942}") = "3.2.2", "3.2.2\3.2.2.vcxproj", "{43DA2F36-2834-4D2A-80CB-A9A8B795496E}"
EndProject
Project("{8BC9CEB8-8B4A-11D0-8D11-00A0C91BC942}") = "3.2.3", "3.2.3\3.2.3.vcxproj", "{2CE29143-CA7D-422D-9AF7-90437AF56DB4}"
EndProject
Project("{8BC9CEB8-8B4A-11D0-8D11-00A0C91BC942}") = "4.4", "4.4\4.4.vcxproj", "{D1514957-D1BA-4EAF-8839-EFDF0164C0ED}"
EndProject
Project("{8BC9CEB8-8B4A-11D0-8D11-00A0C91BC942}") = "quadtree", "quadtree\quadtree.vcxproj", "{66B44D25-4F0F-4595-BD67-2DD15CA9094C}"
EndProject
Project("{8BC9CEB8-8B4A-11D0-8D11-00A0C91BC942}") = "dag_set_eks", "dag_set_eks\dag_set_eks.vcxproj", "{EC4ED6B0-8113-4DA0-9D9B-905DA506594E}"
EndProject
Project("{8BC9CEB8-8B4A-11D0-8D11-00A0C91BC942}") = "quadtree_opengl", "quadtree_opengl\quadtree_opengl.vcxproj", "{F2B0DDF5-C4F3-4F1E-AE1C-746998DC9A23}"
EndProject
Project("{8BC9CEB8-8B4A-11D0-8D11-00A0C91BC942}") = "heap", "heap\heap.vcxproj", "{31A1D7C3-BC91-4A38-A221-90021327E1BF}"
EndProject
Project("{8BC9CEB8-8B4A-11D0-8D11-00A0C91BC942}") = "Oblig3", "Oblig3\Oblig3.vcxproj", "{4AA7472E-432A-4B48-A994-3AD926BAAF48}"
EndProject
Project("{8BC9CEB8-8B4A-11D0-8D11-00A0C91BC942}") = "Sortering", "Sortering\Sortering.vcxproj", "{E2DBCE57-7E05-4A01-AFC9-4512A1D48B9A}"
EndProject
Project("{8BC9CEB8-8B4A-11D0-8D11-00A0C91BC942}") = "Grafer", "Grafer\Grafer.vcxproj", "{89867030-1C7A-4B3C-9FF8-6E637776E9AE}"
EndProject
Project("{8BC9CEB8-8B4A-11D0-8D11-00A0C91BC942}") = "Huffman", "Huffman\Huffman.vcxproj", "{962E1B82-7293-4029-AE8B-D72CB5790BCE}"
EndProject
Project("{2150E333-8FDC-42A3-9474-1A3956D46DE8}") = "Øvingseksamen", "Øvingseksamen", "{03256DB2-5F51-499B-A22E-3DFF0C051A7E}"
EndProject
Project("{8BC9CEB8-8B4A-11D0-8D11-00A0C91BC942}") = "Eksamen2020", "Eksamen2020\Eksamen2020.vcxproj", "{54099140-66AE-4EFB-AC0D-0DA00646318B}"
EndProject
Project("{8BC9CEB8-8B4A-11D0-8D11-00A0C91BC942}") = "EksamenVår2021", "EksamenVår2021\EksamenVår2021.vcxproj", "{1C5FAE08-7ED4-4316-BD7B-2811B4483624}"
EndProject
Global
	GlobalSection(SolutionConfigurationPlatforms) = preSolution
		Debug|x64 = Debug|x64
		Debug|x86 = Debug|x86
		Release|x64 = Release|x64
		Release|x86 = Release|x86
	EndGlobalSection
	GlobalSection(ProjectConfigurationPlatforms) = postSolution
		{EFCFED11-91B8-4F47-B17F-3C6BF9995DF4}.Debug|x64.ActiveCfg = Debug|x64
		{EFCFED11-91B8-4F47-B17F-3C6BF9995DF4}.Debug|x64.Build.0 = Debug|x64
		{EFCFED11-91B8-4F47-B17F-3C6BF9995DF4}.Debug|x86.ActiveCfg = Debug|Win32
		{EFCFED11-91B8-4F47-B17F-3C6BF9995DF4}.Debug|x86.Build.0 = Debug|Win32
		{EFCFED11-91B8-4F47-B17F-3C6BF9995DF4}.Release|x64.ActiveCfg = Release|x64
		{EFCFED11-91B8-4F47-B17F-3C6BF9995DF4}.Release|x64.Build.0 = Release|x64
		{EFCFED11-91B8-4F47-B17F-3C6BF9995DF4}.Release|x86.ActiveCfg = Release|Win32
		{EFCFED11-91B8-4F47-B17F-3C6BF9995DF4}.Release|x86.Build.0 = Release|Win32
		{D3845E80-F259-45DB-B843-B2D52B9EC05E}.Debug|x64.ActiveCfg = Debug|x64
		{D3845E80-F259-45DB-B843-B2D52B9EC05E}.Debug|x64.Build.0 = Debug|x64
		{D3845E80-F259-45DB-B843-B2D52B9EC05E}.Debug|x86.ActiveCfg = Debug|Win32
		{D3845E80-F259-45DB-B843-B2D52B9EC05E}.Debug|x86.Build.0 = Debug|Win32
		{D3845E80-F259-45DB-B843-B2D52B9EC05E}.Release|x64.ActiveCfg = Release|x64
		{D3845E80-F259-45DB-B843-B2D52B9EC05E}.Release|x64.Build.0 = Release|x64
		{D3845E80-F259-45DB-B843-B2D52B9EC05E}.Release|x86.ActiveCfg = Release|Win32
		{D3845E80-F259-45DB-B843-B2D52B9EC05E}.Release|x86.Build.0 = Release|Win32
		{6A84DA93-AD96-4EC6-B60C-4B6B38409E1C}.Debug|x64.ActiveCfg = Debug|x64
		{6A84DA93-AD96-4EC6-B60C-4B6B38409E1C}.Debug|x64.Build.0 = Debug|x64
		{6A84DA93-AD96-4EC6-B60C-4B6B38409E1C}.Debug|x86.ActiveCfg = Debug|Win32
		{6A84DA93-AD96-4EC6-B60C-4B6B38409E1C}.Debug|x86.Build.0 = Debug|Win32
		{6A84DA93-AD96-4EC6-B60C-4B6B38409E1C}.Release|x64.ActiveCfg = Release|x64
		{6A84DA93-AD96-4EC6-B60C-4B6B38409E1C}.Release|x64.Build.0 = Release|x64
		{6A84DA93-AD96-4EC6-B60C-4B6B38409E1C}.Release|x86.ActiveCfg = Release|Win32
		{6A84DA93-AD96-4EC6-B60C-4B6B38409E1C}.Release|x86.Build.0 = Release|Win32
		{CBCF237A-F243-4830-A2E3-B13DB4F16EC2}.Debug|x64.ActiveCfg = Debug|x64
		{CBCF237A-F243-4830-A2E3-B13DB4F16EC2}.Debug|x64.Build.0 = Debug|x64
		{CBCF237A-F243-4830-A2E3-B13DB4F16EC2}.Debug|x86.ActiveCfg = Debug|Win32
		{CBCF237A-F243-4830-A2E3-B13DB4F16EC2}.Debug|x86.Build.0 = Debug|Win32
		{CBCF237A-F243-4830-A2E3-B13DB4F16EC2}.Release|x64.ActiveCfg = Release|x64
		{CBCF237A-F243-4830-A2E3-B13DB4F16EC2}.Release|x64.Build.0 = Release|x64
		{CBCF237A-F243-4830-A2E3-B13DB4F16EC2}.Release|x86.ActiveCfg = Release|Win32
		{CBCF237A-F243-4830-A2E3-B13DB4F16EC2}.Release|x86.Build.0 = Release|Win32
		{FBD9F21E-D91E-49E6-B73F-A9CAD00CFB95}.Debug|x64.ActiveCfg = Debug|x64
		{FBD9F21E-D91E-49E6-B73F-A9CAD00CFB95}.Debug|x64.Build.0 = Debug|x64
		{FBD9F21E-D91E-49E6-B73F-A9CAD00CFB95}.Debug|x86.ActiveCfg = Debug|Win32
		{FBD9F21E-D91E-49E6-B73F-A9CAD00CFB95}.Debug|x86.Build.0 = Debug|Win32
		{FBD9F21E-D91E-49E6-B73F-A9CAD00CFB95}.Release|x64.ActiveCfg = Release|x64
		{FBD9F21E-D91E-49E6-B73F-A9CAD00CFB95}.Release|x64.Build.0 = Release|x64
		{FBD9F21E-D91E-49E6-B73F-A9CAD00CFB95}.Release|x86.ActiveCfg = Release|Win32
		{FBD9F21E-D91E-49E6-B73F-A9CAD00CFB95}.Release|x86.Build.0 = Release|Win32
		{AA957AEF-E9D7-47F9-9E7C-93E2D2EEB0B2}.Debug|x64.ActiveCfg = Debug|x64
		{AA957AEF-E9D7-47F9-9E7C-93E2D2EEB0B2}.Debug|x64.Build.0 = Debug|x64
		{AA957AEF-E9D7-47F9-9E7C-93E2D2EEB0B2}.Debug|x86.ActiveCfg = Debug|Win32
		{AA957AEF-E9D7-47F9-9E7C-93E2D2EEB0B2}.Debug|x86.Build.0 = Debug|Win32
		{AA957AEF-E9D7-47F9-9E7C-93E2D2EEB0B2}.Release|x64.ActiveCfg = Release|x64
		{AA957AEF-E9D7-47F9-9E7C-93E2D2EEB0B2}.Release|x64.Build.0 = Release|x64
		{AA957AEF-E9D7-47F9-9E7C-93E2D2EEB0B2}.Release|x86.ActiveCfg = Release|Win32
		{AA957AEF-E9D7-47F9-9E7C-93E2D2EEB0B2}.Release|x86.Build.0 = Release|Win32
		{43DA2F36-2834-4D2A-80CB-A9A8B795496E}.Debug|x64.ActiveCfg = Debug|x64
		{43DA2F36-2834-4D2A-80CB-A9A8B795496E}.Debug|x64.Build.0 = Debug|x64
		{43DA2F36-2834-4D2A-80CB-A9A8B795496E}.Debug|x86.ActiveCfg = Debug|Win32
		{43DA2F36-2834-4D2A-80CB-A9A8B795496E}.Debug|x86.Build.0 = Debug|Win32
		{43DA2F36-2834-4D2A-80CB-A9A8B795496E}.Release|x64.ActiveCfg = Release|x64
		{43DA2F36-2834-4D2A-80CB-A9A8B795496E}.Release|x64.Build.0 = Release|x64
		{43DA2F36-2834-4D2A-80CB-A9A8B795496E}.Release|x86.ActiveCfg = Release|Win32
		{43DA2F36-2834-4D2A-80CB-A9A8B795496E}.Release|x86.Build.0 = Release|Win32
		{2CE29143-CA7D-422D-9AF7-90437AF56DB4}.Debug|x64.ActiveCfg = Debug|x64
		{2CE29143-CA7D-422D-9AF7-90437AF56DB4}.Debug|x64.Build.0 = Debug|x64
		{2CE29143-CA7D-422D-9AF7-90437AF56DB4}.Debug|x86.ActiveCfg = Debug|Win32
		{2CE29143-CA7D-422D-9AF7-90437AF56DB4}.Debug|x86.Build.0 = Debug|Win32
		{2CE29143-CA7D-422D-9AF7-90437AF56DB4}.Release|x64.ActiveCfg = Release|x64
		{2CE29143-CA7D-422D-9AF7-90437AF56DB4}.Release|x64.Build.0 = Release|x64
		{2CE29143-CA7D-422D-9AF7-90437AF56DB4}.Release|x86.ActiveCfg = Release|Win32
		{2CE29143-CA7D-422D-9AF7-90437AF56DB4}.Release|x86.Build.0 = Release|Win32
		{D1514957-D1BA-4EAF-8839-EFDF0164C0ED}.Debug|x64.ActiveCfg = Debug|x64
		{D1514957-D1BA-4EAF-8839-EFDF0164C0ED}.Debug|x64.Build.0 = Debug|x64
		{D1514957-D1BA-4EAF-8839-EFDF0164C0ED}.Debug|x86.ActiveCfg = Debug|Win32
		{D1514957-D1BA-4EAF-8839-EFDF0164C0ED}.Debug|x86.Build.0 = Debug|Win32
		{D1514957-D1BA-4EAF-8839-EFDF0164C0ED}.Release|x64.ActiveCfg = Release|x64
		{D1514957-D1BA-4EAF-8839-EFDF0164C0ED}.Release|x64.Build.0 = Release|x64
		{D1514957-D1BA-4EAF-8839-EFDF0164C0ED}.Release|x86.ActiveCfg = Release|Win32
		{D1514957-D1BA-4EAF-8839-EFDF0164C0ED}.Release|x86.Build.0 = Release|Win32
		{66B44D25-4F0F-4595-BD67-2DD15CA9094C}.Debug|x64.ActiveCfg = Debug|x64
		{66B44D25-4F0F-4595-BD67-2DD15CA9094C}.Debug|x64.Build.0 = Debug|x64
		{66B44D25-4F0F-4595-BD67-2DD15CA9094C}.Debug|x86.ActiveCfg = Debug|Win32
		{66B44D25-4F0F-4595-BD67-2DD15CA9094C}.Debug|x86.Build.0 = Debug|Win32
		{66B44D25-4F0F-4595-BD67-2DD15CA9094C}.Release|x64.ActiveCfg = Release|x64
		{66B44D25-4F0F-4595-BD67-2DD15CA9094C}.Release|x64.Build.0 = Release|x64
		{66B44D25-4F0F-4595-BD67-2DD15CA9094C}.Release|x86.ActiveCfg = Release|Win32
		{66B44D25-4F0F-4595-BD67-2DD15CA9094C}.Release|x86.Build.0 = Release|Win32
		{EC4ED6B0-8113-4DA0-9D9B-905DA506594E}.Debug|x64.ActiveCfg = Debug|x64
		{EC4ED6B0-8113-4DA0-9D9B-905DA506594E}.Debug|x64.Build.0 = Debug|x64
		{EC4ED6B0-8113-4DA0-9D9B-905DA506594E}.Debug|x86.ActiveCfg = Debug|Win32
		{EC4ED6B0-8113-4DA0-9D9B-905DA506594E}.Debug|x86.Build.0 = Debug|Win32
		{EC4ED6B0-8113-4DA0-9D9B-905DA506594E}.Release|x64.ActiveCfg = Release|x64
		{EC4ED6B0-8113-4DA0-9D9B-905DA506594E}.Release|x64.Build.0 = Release|x64
		{EC4ED6B0-8113-4DA0-9D9B-905DA506594E}.Release|x86.ActiveCfg = Release|Win32
		{EC4ED6B0-8113-4DA0-9D9B-905DA506594E}.Release|x86.Build.0 = Release|Win32
		{F2B0DDF5-C4F3-4F1E-AE1C-746998DC9A23}.Debug|x64.ActiveCfg = Debug|x64
		{F2B0DDF5-C4F3-4F1E-AE1C-746998DC9A23}.Debug|x64.Build.0 = Debug|x64
		{F2B0DDF5-C4F3-4F1E-AE1C-746998DC9A23}.Debug|x86.ActiveCfg = Debug|Win32
		{F2B0DDF5-C4F3-4F1E-AE1C-746998DC9A23}.Debug|x86.Build.0 = Debug|Win32
		{F2B0DDF5-C4F3-4F1E-AE1C-746998DC9A23}.Release|x64.ActiveCfg = Release|x64
		{F2B0DDF5-C4F3-4F1E-AE1C-746998DC9A23}.Release|x64.Build.0 = Release|x64
		{F2B0DDF5-C4F3-4F1E-AE1C-746998DC9A23}.Release|x86.ActiveCfg = Release|Win32
		{F2B0DDF5-C4F3-4F1E-AE1C-746998DC9A23}.Release|x86.Build.0 = Release|Win32
		{31A1D7C3-BC91-4A38-A221-90021327E1BF}.Debug|x64.ActiveCfg = Debug|x64
		{31A1D7C3-BC91-4A38-A221-90021327E1BF}.Debug|x64.Build.0 = Debug|x64
		{31A1D7C3-BC91-4A38-A221-90021327E1BF}.Debug|x86.ActiveCfg = Debug|Win32
		{31A1D7C3-BC91-4A38-A221-90021327E1BF}.Debug|x86.Build.0 = Debug|Win32
		{31A1D7C3-BC91-4A38-A221-90021327E1BF}.Release|x64.ActiveCfg = Release|x64
		{31A1D7C3-BC91-4A38-A221-90021327E1BF}.Release|x64.Build.0 = Release|x64
		{31A1D7C3-BC91-4A38-A221-90021327E1BF}.Release|x86.ActiveCfg = Release|Win32
		{31A1D7C3-BC91-4A38-A221-90021327E1BF}.Release|x86.Build.0 = Release|Win32
		{4AA7472E-432A-4B48-A994-3AD926BAAF48}.Debug|x64.ActiveCfg = Debug|x64
		{4AA7472E-432A-4B48-A994-3AD926BAAF48}.Debug|x64.Build.0 = Debug|x64
		{4AA7472E-432A-4B48-A994-3AD926BAAF48}.Debug|x86.ActiveCfg = Debug|Win32
		{4AA7472E-432A-4B48-A994-3AD926BAAF48}.Debug|x86.Build.0 = Debug|Win32
		{4AA7472E-432A-4B48-A994-3AD926BAAF48}.Release|x64.ActiveCfg = Release|x64
		{4AA7472E-432A-4B48-A994-3AD926BAAF48}.Release|x64.Build.0 = Release|x64
		{4AA7472E-432A-4B48-A994-3AD926BAAF48}.Release|x86.ActiveCfg = Release|Win32
		{4AA7472E-432A-4B48-A994-3AD926BAAF48}.Release|x86.Build.0 = Release|Win32
		{E2DBCE57-7E05-4A01-AFC9-4512A1D48B9A}.Debug|x64.ActiveCfg = Debug|x64
		{E2DBCE57-7E05-4A01-AFC9-4512A1D48B9A}.Debug|x64.Build.0 = Debug|x64
		{E2DBCE57-7E05-4A01-AFC9-4512A1D48B9A}.Debug|x86.ActiveCfg = Debug|Win32
		{E2DBCE57-7E05-4A01-AFC9-4512A1D48B9A}.Debug|x86.Build.0 = Debug|Win32
		{E2DBCE57-7E05-4A01-AFC9-4512A1D48B9A}.Release|x64.ActiveCfg = Release|x64
		{E2DBCE57-7E05-4A01-AFC9-4512A1D48B9A}.Release|x64.Build.0 = Release|x64
		{E2DBCE57-7E05-4A01-AFC9-4512A1D48B9A}.Release|x86.ActiveCfg = Release|Win32
		{E2DBCE57-7E05-4A01-AFC9-4512A1D48B9A}.Release|x86.Build.0 = Release|Win32
		{89867030-1C7A-4B3C-9FF8-6E637776E9AE}.Debug|x64.ActiveCfg = Debug|x64
		{89867030-1C7A-4B3C-9FF8-6E637776E9AE}.Debug|x64.Build.0 = Debug|x64
		{89867030-1C7A-4B3C-9FF8-6E637776E9AE}.Debug|x86.ActiveCfg = Debug|Win32
		{89867030-1C7A-4B3C-9FF8-6E637776E9AE}.Debug|x86.Build.0 = Debug|Win32
		{89867030-1C7A-4B3C-9FF8-6E637776E9AE}.Release|x64.ActiveCfg = Release|x64
		{89867030-1C7A-4B3C-9FF8-6E637776E9AE}.Release|x64.Build.0 = Release|x64
		{89867030-1C7A-4B3C-9FF8-6E637776E9AE}.Release|x86.ActiveCfg = Release|Win32
		{89867030-1C7A-4B3C-9FF8-6E637776E9AE}.Release|x86.Build.0 = Release|Win32
		{962E1B82-7293-4029-AE8B-D72CB5790BCE}.Debug|x64.ActiveCfg = Debug|x64
		{962E1B82-7293-4029-AE8B-D72CB5790BCE}.Debug|x64.Build.0 = Debug|x64
		{962E1B82-7293-4029-AE8B-D72CB5790BCE}.Debug|x86.ActiveCfg = Debug|Win32
		{962E1B82-7293-4029-AE8B-D72CB5790BCE}.Debug|x86.Build.0 = Debug|Win32
		{962E1B82-7293-4029-AE8B-D72CB5790BCE}.Release|x64.ActiveCfg = Release|x64
		{962E1B82-7293-4029-AE8B-D72CB5790BCE}.Release|x64.Build.0 = Release|x64
		{962E1B82-7293-4029-AE8B-D72CB5790BCE}.Release|x86.ActiveCfg = Release|Win32
		{962E1B82-7293-4029-AE8B-D72CB5790BCE}.Release|x86.Build.0 = Release|Win32
		{54099140-66AE-4EFB-AC0D-0DA00646318B}.Debug|x64.ActiveCfg = Debug|x64
		{54099140-66AE-4EFB-AC0D-0DA00646318B}.Debug|x64.Build.0 = Debug|x64
		{54099140-66AE-4EFB-AC0D-0DA00646318B}.Debug|x86.ActiveCfg = Debug|Win32
		{54099140-66AE-4EFB-AC0D-0DA00646318B}.Debug|x86.Build.0 = Debug|Win32
		{54099140-66AE-4EFB-AC0D-0DA00646318B}.Release|x64.ActiveCfg = Release|x64
		{54099140-66AE-4EFB-AC0D-0DA00646318B}.Release|x64.Build.0 = Release|x64
		{54099140-66AE-4EFB-AC0D-0DA00646318B}.Release|x86.ActiveCfg = Release|Win32
		{54099140-66AE-4EFB-AC0D-0DA00646318B}.Release|x86.Build.0 = Release|Win32
		{1C5FAE08-7ED4-4316-BD7B-2811B4483624}.Debug|x64.ActiveCfg = Debug|x64
		{1C5FAE08-7ED4-4316-BD7B-2811B4483624}.Debug|x64.Build.0 = Debug|x64
		{1C5FAE08-7ED4-4316-BD7B-2811B4483624}.Debug|x86.ActiveCfg = Debug|Win32
		{1C5FAE08-7ED4-4316-BD7B-2811B4483624}.Debug|x86.Build.0 = Debug|Win32
		{1C5FAE08-7ED4-4316-BD7B-2811B4483624}.Release|x64.ActiveCfg = Release|x64
		{1C5FAE08-7ED4-4316-BD7B-2811B4483624}.Release|x64.Build.0 = Release|x64
		{1C5FAE08-7ED4-4316-BD7B-2811B4483624}.Release|x86.ActiveCfg = Release|Win32
		{1C5FAE08-7ED4-4316-BD7B-2811B4483624}.Release|x86.Build.0 = Release|Win32
	EndGlobalSection
	GlobalSection(SolutionProperties) = preSolution
		HideSolutionNode = FALSE
	EndGlobalSection
	GlobalSection(NestedProjects) = preSolution
		{EFCFED11-91B8-4F47-B17F-3C6BF9995DF4} = {7E17517B-A66C-4F1F-AA97-3C92A14D608B}
		{D3845E80-F259-45DB-B843-B2D52B9EC05E} = {7E17517B-A66C-4F1F-AA97-3C92A14D608B}
		{6A84DA93-AD96-4EC6-B60C-4B6B38409E1C} = {7E17517B-A66C-4F1F-AA97-3C92A14D608B}
		{CBCF237A-F243-4830-A2E3-B13DB4F16EC2} = {7E17517B-A66C-4F1F-AA97-3C92A14D608B}
		{FBD9F21E-D91E-49E6-B73F-A9CAD00CFB95} = {D8732B1C-3DF3-404B-AED7-6D20ADA3DEDB}
		{AA957AEF-E9D7-47F9-9E7C-93E2D2EEB0B2} = {D38321EA-777A-439A-8633-3FE48219FCA5}
		{43DA2F36-2834-4D2A-80CB-A9A8B795496E} = {D38321EA-777A-439A-8633-3FE48219FCA5}
		{2CE29143-CA7D-422D-9AF7-90437AF56DB4} = {D38321EA-777A-439A-8633-3FE48219FCA5}
		{D1514957-D1BA-4EAF-8839-EFDF0164C0ED} = {530BD7C0-5AFD-4CBE-9489-76AB15A10ACF}
		{66B44D25-4F0F-4595-BD67-2DD15CA9094C} = {A5E64D9C-19DE-4DC9-B8B3-343BCA4C5A19}
		{EC4ED6B0-8113-4DA0-9D9B-905DA506594E} = {A5E64D9C-19DE-4DC9-B8B3-343BCA4C5A19}
		{F2B0DDF5-C4F3-4F1E-AE1C-746998DC9A23} = {A5E64D9C-19DE-4DC9-B8B3-343BCA4C5A19}
		{31A1D7C3-BC91-4A38-A221-90021327E1BF} = {0705D60A-7FD8-471C-800A-0692E1727620}
		{E2DBCE57-7E05-4A01-AFC9-4512A1D48B9A} = {7E6313B5-3F3C-4B45-B8EB-CA5342841B7E}
		{89867030-1C7A-4B3C-9FF8-6E637776E9AE} = {A1FC0E0E-B389-437D-A8C0-5D05358E126F}
		{962E1B82-7293-4029-AE8B-D72CB5790BCE} = {B80409BD-F2C1-491F-98F3-B146C8B71F55}
		{54099140-66AE-4EFB-AC0D-0DA00646318B} = {03256DB2-5F51-499B-A22E-3DFF0C051A7E}
		{1C5FAE08-7ED4-4316-BD7B-2811B4483624} = {03256DB2-5F51-499B-A22E-3DFF0C051A7E}
	EndGlobalSection
	GlobalSection(ExtensibilityGlobals) = postSolution
		SolutionGuid = {5B920372-553C-4D84-BA1B-B197F2818BF7}
	EndGlobalSection
EndGlobal
